
Microsoft Visual Studio Solution File, Format Version 12.00
# Visual Studio Version 17
VisualStudioVersion = 17.1.32421.90
MinimumVisualStudioVersion = 10.0.40219.1
Project("{FAE04EC0-301F-11D3-BF4B-00C04F79EFBC}") = "ConsoleApp.Lesson", "ConsoleApp.Lesson\ConsoleApp.Lesson.csproj", "{E8FD1674-3D7F-40BD-9A0F-49DCDA65FE9A}"
EndProject
Project("{FAE04EC0-301F-11D3-BF4B-00C04F79EFBC}") = "ConsoleApp2", "ConsoleApp2\ConsoleApp2.csproj", "{7B4AF9CE-CD59-446D-A309-2F57EA5693A5}"
EndProject
Global
	GlobalSection(SolutionConfigurationPlatforms) = preSolution
		Debug|Any CPU = Debug|Any CPU
		Release|Any CPU = Release|Any CPU
	EndGlobalSection
	GlobalSection(ProjectConfigurationPlatforms) = postSolution
		{E8FD1674-3D7F-40BD-9A0F-49DCDA65FE9A}.Debug|Any CPU.ActiveCfg = Debug|Any CPU
		{E8FD1674-3D7F-40BD-9A0F-49DCDA65FE9A}.Debug|Any CPU.Build.0 = Debug|Any CPU
		{E8FD1674-3D7F-40BD-9A0F-49DCDA65FE9A}.Release|Any CPU.ActiveCfg = Release|Any CPU
		{E8FD1674-3D7F-40BD-9A0F-49DCDA65FE9A}.Release|Any CPU.Build.0 = Release|Any CPU
		{7B4AF9CE-CD59-446D-A309-2F57EA5693A5}.Debug|Any CPU.ActiveCfg = Debug|Any CPU
		{7B4AF9CE-CD59-446D-A309-2F57EA5693A5}.Debug|Any CPU.Build.0 = Debug|Any CPU
		{7B4AF9CE-CD59-446D-A309-2F57EA5693A5}.Release|Any CPU.ActiveCfg = Release|Any CPU
		{7B4AF9CE-CD59-446D-A309-2F57EA5693A5}.Release|Any CPU.Build.0 = Release|Any CPU
	EndGlobalSection
	GlobalSection(SolutionProperties) = preSolution
		HideSolutionNode = FALSE
	EndGlobalSection
	GlobalSection(ExtensibilityGlobals) = postSolution
		SolutionGuid = {11D25896-AEFF-4996-AB69-D9CAC5266DA0}
	EndGlobalSection
EndGlobal
